<?xml version="1.0" encoding="utf-8"?>
<Project ToolsVersion="4.0" xmlns="http://schemas.microsoft.com/developer/msbuild/2003">
  <ItemGroup>
    <Filter Include="리소스 파일">
      <UniqueIdentifier>{67DA6AB6-F800-4c08-8B7A-83BB121AAD01}</UniqueIdentifier>
      <Extensions>rc;ico;cur;bmp;dlg;rc2;rct;bin;rgs;gif;jpg;jpeg;jpe;resx;tiff;tif;png;wav;mfcribbon-ms</Extensions>
    </Filter>
    <Filter Include="_EntryPoint">
      <UniqueIdentifier>{360bb9f1-298e-48ed-b7d3-8b755105f489}</UniqueIdentifier>
    </Filter>
    <Filter Include="TitanEngineCore">
      <UniqueIdentifier>{2175f85d-14ce-47d6-b8d4-e381a734d49e}</UniqueIdentifier>
    </Filter>
    <Filter Include="TitanEngineCore\Time">
      <UniqueIdentifier>{71da633e-27e6-4aeb-9891-427a37e607d2}</UniqueIdentifier>
    </Filter>
    <Filter Include="TitanEngineCore\SceneManagement">
      <UniqueIdentifier>{7632b069-2bd3-45b7-aa60-dd9ab5fc8ab7}</UniqueIdentifier>
    </Filter>
    <Filter Include="TitanEngineCore\SceneManagement\Test">
      <UniqueIdentifier>{303f58f6-ff14-4ed8-9d4b-bb4811f446d8}</UniqueIdentifier>
    </Filter>
    <Filter Include="TitanEngineCore\Renderer">
      <UniqueIdentifier>{95051d19-be7e-4a19-a4fd-76fbbc9f7a32}</UniqueIdentifier>
    </Filter>
    <Filter Include="TitanEngineCore\TitanEngine">
      <UniqueIdentifier>{75b7d86b-dc55-4fd0-b2e5-f6def078cd7d}</UniqueIdentifier>
    </Filter>
  </ItemGroup>
  <ItemGroup>
    <ClCompile Include="pch.cpp">
      <Filter>_EntryPoint</Filter>
    </ClCompile>
    <ClCompile Include="main.cpp">
      <Filter>_EntryPoint</Filter>
    </ClCompile>
    <ClCompile Include="Engine.cpp">
      <Filter>TitanEngineCore</Filter>
    </ClCompile>
    <ClCompile Include="GameTimer.cpp">
      <Filter>TitanEngineCore\Time</Filter>
    </ClCompile>
    <ClCompile Include="SceneManager.cpp">
      <Filter>TitanEngineCore\SceneManagement</Filter>
    </ClCompile>
    <ClCompile Include="Scene.cpp">
      <Filter>TitanEngineCore\SceneManagement</Filter>
    </ClCompile>
    <ClCompile Include="TestSceneLES.cpp">
      <Filter>TitanEngineCore\SceneManagement\Test</Filter>
    </ClCompile>
    <ClCompile Include="SceneGraph.cpp">
      <Filter>TitanEngineCore\SceneManagement</Filter>
    </ClCompile>
    <ClCompile Include="D2DRenderer.cpp">
      <Filter>TitanEngineCore\Renderer</Filter>
    </ClCompile>
    <ClCompile Include="GameObject.cpp">
      <Filter>TitanEngineCore\TitanEngine</Filter>
    </ClCompile>
    <ClCompile Include="Transform.cpp">
      <Filter>TitanEngineCore\TitanEngine</Filter>
    </ClCompile>
    <ClCompile Include="SystemLocator.cpp">
      <Filter>TitanEngineCore\TitanEngine</Filter>
    </ClCompile>
    <ClCompile Include="SpriteRenderer.cpp">
      <Filter>TitanEngineCore\TitanEngine</Filter>
    </ClCompile>
    <ClCompile Include="Component.cpp">
      <Filter>TitanEngineCore\TitanEngine</Filter>
    </ClCompile>
    <ClCompile Include="UpdateSystem.cpp">
      <Filter>TitanEngineCore\TitanEngine</Filter>
    </ClCompile>
    <ClCompile Include="RenderSystem.cpp">
      <Filter>TitanEngineCore\TitanEngine</Filter>
    </ClCompile>
  </ItemGroup>
  <ItemGroup>
    <ClInclude Include="pch.h">
      <Filter>_EntryPoint</Filter>
    </ClInclude>
    <ClInclude Include="Engine.h">
      <Filter>TitanEngineCore</Filter>
    </ClInclude>
    <ClInclude Include="GameTimer.h">
      <Filter>TitanEngineCore\Time</Filter>
    </ClInclude>
    <ClInclude Include="Scene.h">
      <Filter>TitanEngineCore\SceneManagement</Filter>
    </ClInclude>
    <ClInclude Include="SceneGraph.h">
      <Filter>TitanEngineCore\SceneManagement</Filter>
    </ClInclude>
    <ClInclude Include="SceneManager.h">
      <Filter>TitanEngineCore\SceneManagement</Filter>
    </ClInclude>
    <ClInclude Include="TestSceneLES.h">
      <Filter>TitanEngineCore\SceneManagement\Test</Filter>
    </ClInclude>
    <ClInclude Include="D2DRenderer.h">
      <Filter>TitanEngineCore\Renderer</Filter>
    </ClInclude>
    <ClInclude Include="IRenderer.h">
      <Filter>TitanEngineCore\Renderer</Filter>
    </ClInclude>
    <ClInclude Include="Transform.h">
      <Filter>TitanEngineCore\TitanEngine</Filter>
    </ClInclude>
    <ClInclude Include="Component.h">
      <Filter>TitanEngineCore\TitanEngine</Filter>
    </ClInclude>
    <ClInclude Include="GameObject.h">
      <Filter>TitanEngineCore\TitanEngine</Filter>
    </ClInclude>
    <ClInclude Include="SystemLocator.h">
      <Filter>TitanEngineCore\TitanEngine</Filter>
    </ClInclude>
    <ClInclude Include="UpdateSystem.h">
      <Filter>TitanEngineCore\TitanEngine</Filter>
    </ClInclude>
    <ClInclude Include="RenderSystem.h">
      <Filter>TitanEngineCore\TitanEngine</Filter>
    </ClInclude>
    <ClInclude Include="IRenderable.h">
      <Filter>TitanEngineCore\TitanEngine</Filter>
    </ClInclude>
    <ClInclude Include="RenderItem.h">
      <Filter>TitanEngineCore\TitanEngine</Filter>
    </ClInclude>
    <ClInclude Include="SpriteRenderer.h">
      <Filter>TitanEngineCore\TitanEngine</Filter>
    </ClInclude>
  </ItemGroup>
</Project>