<?xml version="1.0" encoding="utf-8"?>
<Project ToolsVersion="4.0" xmlns="http://schemas.microsoft.com/developer/msbuild/2003">
  <ItemGroup>
    <ClCompile Include="Animator.cpp">
      <Filter>TitanEngine</Filter>
    </ClCompile>
    <ClCompile Include="Button.cpp">
      <Filter>TitanEngine</Filter>
    </ClCompile>
    <ClCompile Include="GameTimer.cpp">
      <Filter>TitanEngine</Filter>
    </ClCompile>
    <ClCompile Include="main.cpp">
      <Filter>TitanEngine</Filter>
    </ClCompile>
    <ClCompile Include="Sprite.cpp">
      <Filter>TitanEngine</Filter>
    </ClCompile>
    <ClCompile Include="SpriteRenderer.cpp">
      <Filter>TitanEngine</Filter>
    </ClCompile>
    <ClCompile Include="Transform.cpp">
      <Filter>TitanEngine</Filter>
    </ClCompile>
    <ClCompile Include="Scene.cpp">
      <Filter>TitanEngine\SceneManagement</Filter>
    </ClCompile>
    <ClCompile Include="SceneManager.cpp">
      <Filter>TitanEngine\SceneManagement</Filter>
    </ClCompile>
    <ClCompile Include="D2DRenderer.cpp">
      <Filter>TitanEngine\Render</Filter>
    </ClCompile>
    <ClCompile Include="Component.cpp">
      <Filter>TitanEngine\Core</Filter>
    </ClCompile>
    <ClCompile Include="GameObject.cpp">
      <Filter>TitanEngine\Core</Filter>
    </ClCompile>
    <ClCompile Include="pch.cpp">
      <Filter>TitanEngine</Filter>
    </ClCompile>
    <ClCompile Include="Object.cpp">
      <Filter>TitanEngine\Core</Filter>
    </ClCompile>
    <ClCompile Include="ResourceManager.cpp">
      <Filter>TitanEngine\ResourceManagement</Filter>
    </ClCompile>
    <ClCompile Include="AnimationClip.cpp">
      <Filter>TitanEngine\ResourceManagement</Filter>
    </ClCompile>
    <ClCompile Include="Texture2D.cpp">
      <Filter>TitanEngine\ResourceManagement</Filter>
    </ClCompile>
    <ClCompile Include="TestComponent.cpp">
      <Filter>_Test</Filter>
    </ClCompile>
    <ClCompile Include="TestScene.cpp">
      <Filter>_Test</Filter>
    </ClCompile>
    <ClCompile Include="Enemy.cpp">
      <Filter>_Content</Filter>
    </ClCompile>
    <ClCompile Include="Engine.cpp">
      <Filter>_Content</Filter>
    </ClCompile>
    <ClCompile Include="InGameScene.cpp">
      <Filter>_Content</Filter>
    </ClCompile>
    <ClCompile Include="Player.cpp">
      <Filter>_Content</Filter>
    </ClCompile>
    <ClCompile Include="TitleScene.cpp">
      <Filter>_Content</Filter>
    </ClCompile>
  </ItemGroup>
  <ItemGroup>
    <ClInclude Include="Animator.h">
      <Filter>TitanEngine</Filter>
    </ClInclude>
    <ClInclude Include="Button.h">
      <Filter>TitanEngine</Filter>
    </ClInclude>
    <ClInclude Include="GameTimer.h">
      <Filter>TitanEngine</Filter>
    </ClInclude>
    <ClInclude Include="pch.h">
      <Filter>TitanEngine</Filter>
    </ClInclude>
    <ClInclude Include="Sprite.h">
      <Filter>TitanEngine</Filter>
    </ClInclude>
    <ClInclude Include="SpriteRenderer.h">
      <Filter>TitanEngine</Filter>
    </ClInclude>
    <ClInclude Include="Transform.h">
      <Filter>TitanEngine</Filter>
    </ClInclude>
    <ClInclude Include="Scene.h">
      <Filter>TitanEngine\SceneManagement</Filter>
    </ClInclude>
    <ClInclude Include="SceneManager.h">
      <Filter>TitanEngine\SceneManagement</Filter>
    </ClInclude>
    <ClInclude Include="D2DRenderer.h">
      <Filter>TitanEngine\Render</Filter>
    </ClInclude>
    <ClInclude Include="Component.h">
      <Filter>TitanEngine\Core</Filter>
    </ClInclude>
    <ClInclude Include="GameObject.h">
      <Filter>TitanEngine\Core</Filter>
    </ClInclude>
    <ClInclude Include="Object.h">
      <Filter>TitanEngine\Core</Filter>
    </ClInclude>
    <ClInclude Include="ResourceManager.h">
      <Filter>TitanEngine\ResourceManagement</Filter>
    </ClInclude>
    <ClInclude Include="Resource.h">
      <Filter>TitanEngine\ResourceManagement</Filter>
    </ClInclude>
    <ClInclude Include="AnimationClip.h">
      <Filter>TitanEngine\ResourceManagement</Filter>
    </ClInclude>
    <ClInclude Include="Texture2D.h">
      <Filter>TitanEngine\ResourceManagement</Filter>
    </ClInclude>
    <ClInclude Include="TestScene.h">
      <Filter>_Test</Filter>
    </ClInclude>
    <ClInclude Include="TestComponent.h">
      <Filter>_Test</Filter>
    </ClInclude>
    <ClInclude Include="Enemy.h">
      <Filter>_Content</Filter>
    </ClInclude>
    <ClInclude Include="Engine.h">
      <Filter>_Content</Filter>
    </ClInclude>
    <ClInclude Include="InGameScene.h">
      <Filter>_Content</Filter>
    </ClInclude>
    <ClInclude Include="Player.h">
      <Filter>_Content</Filter>
    </ClInclude>
    <ClInclude Include="TitleScene.h">
      <Filter>_Content</Filter>
    </ClInclude>
  </ItemGroup>
  <ItemGroup>
    <Filter Include="TitanEngine">
      <UniqueIdentifier>{823ce3d5-a2c7-4b30-8ff7-4793c5628541}</UniqueIdentifier>
    </Filter>
    <Filter Include="TitanEngine\SceneManagement">
      <UniqueIdentifier>{4fc3b9e3-934e-4d69-aa9f-d7347a3b68e5}</UniqueIdentifier>
    </Filter>
    <Filter Include="TitanEngine\Render">
      <UniqueIdentifier>{c6fe202c-34f7-4c1b-9a52-cf33c7ac9b83}</UniqueIdentifier>
    </Filter>
    <Filter Include="TitanEngine\Core">
      <UniqueIdentifier>{6808b0fa-ec3d-4583-ad06-63d61e3a669f}</UniqueIdentifier>
    </Filter>
    <Filter Include="TitanEngine\ResourceManagement">
      <UniqueIdentifier>{15bb0464-3c89-4d9f-964d-24490f73386a}</UniqueIdentifier>
    </Filter>
    <Filter Include="_Test">
      <UniqueIdentifier>{acd47a59-2f62-402c-8852-6c4e8769614a}</UniqueIdentifier>
    </Filter>
    <Filter Include="_Content">
      <UniqueIdentifier>{938c1089-44e4-4c9b-971f-a593d480e500}</UniqueIdentifier>
    </Filter>
  </ItemGroup>
</Project>